
Microsoft Visual Studio Solution File, Format Version 12.00
# Visual Studio Version 16
VisualStudioVersion = 16.0.30114.105
MinimumVisualStudioVersion = 10.0.40219.1
Project("{F2A71F9B-5D33-465A-A702-920D77279786}") = "FabDisplayAlert", "FabDisplayAlert\FabDisplayAlert.fsproj", "{10C26843-7C2F-4FED-B3B2-5620095CA61C}"
EndProject
Project("{F2A71F9B-5D33-465A-A702-920D77279786}") = "FabDisplayAlert.iOS", "FabDisplayAlert.iOS\FabDisplayAlert.iOS.fsproj", "{30861958-8D35-4B9A-8162-681B17432876}"
EndProject
Project("{F2A71F9B-5D33-465A-A702-920D77279786}") = "FabDisplayAlert.Android", "FabDisplayAlert.Android\FabDisplayAlert.Android.fsproj", "{73B1AFEC-6D0C-4F22-9277-4B1FD34FCFCF}"
EndProject
Global
    GlobalSection(SolutionConfigurationPlatforms) = preSolution
        Debug|Any CPU = Debug|Any CPU
        Release|Any CPU = Release|Any CPU
        Debug|iPhoneSimulator = Debug|iPhoneSimulator
        Release|iPhoneSimulator = Release|iPhoneSimulator
        Debug|iPhone = Debug|iPhone
        Release|iPhone = Release|iPhone
        Ad-Hoc|iPhone = Ad-Hoc|iPhone
        AppStore|iPhone = AppStore|iPhone
    EndGlobalSection
    GlobalSection(SolutionProperties) = preSolution
        HideSolutionNode = FALSE
    EndGlobalSection
    GlobalSection(ProjectConfigurationPlatforms) = postSolution
        {10C26843-7C2F-4FED-B3B2-5620095CA61C}.Debug|Any CPU.ActiveCfg = Debug|Any CPU
        {10C26843-7C2F-4FED-B3B2-5620095CA61C}.Debug|Any CPU.Build.0 = Debug|Any CPU
        {10C26843-7C2F-4FED-B3B2-5620095CA61C}.Release|Any CPU.ActiveCfg = Release|Any CPU
        {10C26843-7C2F-4FED-B3B2-5620095CA61C}.Release|Any CPU.Build.0 = Release|Any CPU
        {10C26843-7C2F-4FED-B3B2-5620095CA61C}.Debug|iPhoneSimulator.ActiveCfg = Debug|Any CPU
        {10C26843-7C2F-4FED-B3B2-5620095CA61C}.Debug|iPhoneSimulator.Build.0 = Debug|Any CPU
        {10C26843-7C2F-4FED-B3B2-5620095CA61C}.Ad-Hoc|iPhone.ActiveCfg = Release|Any CPU
        {10C26843-7C2F-4FED-B3B2-5620095CA61C}.Ad-Hoc|iPhone.Build.0 = Release|Any CPU
        {10C26843-7C2F-4FED-B3B2-5620095CA61C}.AppStore|iPhone.ActiveCfg = Release|Any CPU
        {10C26843-7C2F-4FED-B3B2-5620095CA61C}.AppStore|iPhone.Build.0 = Release|Any CPU
        {10C26843-7C2F-4FED-B3B2-5620095CA61C}.Debug|iPhone.ActiveCfg = Debug|Any CPU
        {10C26843-7C2F-4FED-B3B2-5620095CA61C}.Debug|iPhone.Build.0 = Debug|Any CPU
        {10C26843-7C2F-4FED-B3B2-5620095CA61C}.Release|iPhone.ActiveCfg = Release|Any CPU
        {10C26843-7C2F-4FED-B3B2-5620095CA61C}.Release|iPhone.Build.0 = Release|Any CPU
        {10C26843-7C2F-4FED-B3B2-5620095CA61C}.Release|iPhoneSimulator.ActiveCfg = Release|Any CPU
        {10C26843-7C2F-4FED-B3B2-5620095CA61C}.Release|iPhoneSimulator.Build.0 = Release|Any CPU
        {30861958-8D35-4B9A-8162-681B17432876}.Debug|Any CPU.ActiveCfg = Debug|iPhoneSimulator
        {30861958-8D35-4B9A-8162-681B17432876}.Debug|Any CPU.Build.0 = Debug|iPhoneSimulator
        {30861958-8D35-4B9A-8162-681B17432876}.Release|Any CPU.ActiveCfg = Release|iPhoneSimulator
        {30861958-8D35-4B9A-8162-681B17432876}.Release|Any CPU.Build.0 = Release|iPhoneSimulator
        {30861958-8D35-4B9A-8162-681B17432876}.Debug|iPhoneSimulator.ActiveCfg = Debug|iPhoneSimulator
        {30861958-8D35-4B9A-8162-681B17432876}.Debug|iPhoneSimulator.Build.0 = Debug|iPhoneSimulator
        {30861958-8D35-4B9A-8162-681B17432876}.Release|iPhoneSimulator.ActiveCfg = Release|iPhoneSimulator
        {30861958-8D35-4B9A-8162-681B17432876}.Release|iPhoneSimulator.Build.0 = Release|iPhoneSimulator
        {30861958-8D35-4B9A-8162-681B17432876}.Debug|iPhone.ActiveCfg = Debug|iPhone
        {30861958-8D35-4B9A-8162-681B17432876}.Debug|iPhone.Build.0 = Debug|iPhone
        {30861958-8D35-4B9A-8162-681B17432876}.Release|iPhone.ActiveCfg = Release|iPhone
        {30861958-8D35-4B9A-8162-681B17432876}.Release|iPhone.Build.0 = Release|iPhone
        {30861958-8D35-4B9A-8162-681B17432876}.Ad-Hoc|iPhone.ActiveCfg = Ad-Hoc|iPhone
        {30861958-8D35-4B9A-8162-681B17432876}.Ad-Hoc|iPhone.Build.0 = Ad-Hoc|iPhone
        {30861958-8D35-4B9A-8162-681B17432876}.AppStore|iPhone.ActiveCfg = AppStore|iPhone
        {30861958-8D35-4B9A-8162-681B17432876}.AppStore|iPhone.Build.0 = AppStore|iPhone
        {30861958-8D35-4B9A-8162-681B17432876}.Debug|iPhoneSimulator.Deploy.0 = Debug|iPhoneSimulator
        {30861958-8D35-4B9A-8162-681B17432876}.Debug|Any CPU.Deploy.0 = Debug|iPhoneSimulator
        {30861958-8D35-4B9A-8162-681B17432876}.Debug|iPhone.Deploy.0 = Debug|iPhone
        {30861958-8D35-4B9A-8162-681B17432876}.Release|Any CPU.Deploy.0 = Release|iPhoneSimulator
        {30861958-8D35-4B9A-8162-681B17432876}.Release|iPhone.Deploy.0 = Release|iPhone
        {30861958-8D35-4B9A-8162-681B17432876}.Release|iPhoneSimulator.Deploy.0 = Release|iPhoneSimulator
        {73B1AFEC-6D0C-4F22-9277-4B1FD34FCFCF}.Debug|Any CPU.ActiveCfg = Debug|Any CPU
        {73B1AFEC-6D0C-4F22-9277-4B1FD34FCFCF}.Debug|Any CPU.Build.0 = Debug|Any CPU
        {73B1AFEC-6D0C-4F22-9277-4B1FD34FCFCF}.Release|Any CPU.ActiveCfg = Release|Any CPU
        {73B1AFEC-6D0C-4F22-9277-4B1FD34FCFCF}.Release|Any CPU.Build.0 = Release|Any CPU
        {73B1AFEC-6D0C-4F22-9277-4B1FD34FCFCF}.Debug|iPhoneSimulator.ActiveCfg = Debug|Any CPU
        {73B1AFEC-6D0C-4F22-9277-4B1FD34FCFCF}.Debug|iPhoneSimulator.Build.0 = Debug|Any CPU
        {73B1AFEC-6D0C-4F22-9277-4B1FD34FCFCF}.Release|iPhoneSimulator.ActiveCfg = Release|Any CPU
        {73B1AFEC-6D0C-4F22-9277-4B1FD34FCFCF}.Release|iPhoneSimulator.Build.0 = Release|Any CPU
        {73B1AFEC-6D0C-4F22-9277-4B1FD34FCFCF}.Debug|iPhone.ActiveCfg = Debug|Any CPU
        {73B1AFEC-6D0C-4F22-9277-4B1FD34FCFCF}.Debug|iPhone.Build.0 = Debug|Any CPU
        {73B1AFEC-6D0C-4F22-9277-4B1FD34FCFCF}.Release|iPhone.ActiveCfg = Release|Any CPU
        {73B1AFEC-6D0C-4F22-9277-4B1FD34FCFCF}.Release|iPhone.Build.0 = Release|Any CPU
        {73B1AFEC-6D0C-4F22-9277-4B1FD34FCFCF}.Ad-Hoc|iPhone.ActiveCfg = Release|Any CPU
        {73B1AFEC-6D0C-4F22-9277-4B1FD34FCFCF}.Ad-Hoc|iPhone.Build.0 = Release|Any CPU
        {73B1AFEC-6D0C-4F22-9277-4B1FD34FCFCF}.AppStore|iPhone.ActiveCfg = Release|Any CPU
        {73B1AFEC-6D0C-4F22-9277-4B1FD34FCFCF}.AppStore|iPhone.Build.0 = Release|Any CPU
        {73B1AFEC-6D0C-4F22-9277-4B1FD34FCFCF}.Debug|iPhoneSimulator.Deploy.0 = Debug|Any CPU
        {73B1AFEC-6D0C-4F22-9277-4B1FD34FCFCF}.Debug|Any CPU.Deploy.0 = Debug|Any CPU
        {73B1AFEC-6D0C-4F22-9277-4B1FD34FCFCF}.Debug|iPhone.Deploy.0 = Debug|Any CPU
        {73B1AFEC-6D0C-4F22-9277-4B1FD34FCFCF}.Release|Any CPU.Deploy.0 = Release|Any CPU
        {73B1AFEC-6D0C-4F22-9277-4B1FD34FCFCF}.Release|iPhone.Deploy.0 = Release|Any CPU
        {73B1AFEC-6D0C-4F22-9277-4B1FD34FCFCF}.Release|iPhoneSimulator.Deploy.0 = Release|Any CPU
    EndGlobalSection
EndGlobal
